<Solution>
  <Folder Name="/Task0/">
    <Project Path="Tyuiu.PolyakovaAB.Sprint4.Task0.V8.Lib/Tyuiu.PolyakovaAB.Sprint4.Task0.V8.Lib.csproj" />
    <Project Path="Tyuiu.PolyakovaAB.Sprint4.Task0.V8.Test/Tyuiu.PolyakovaAB.Sprint4.Task0.V8.Test.csproj" />
    <Project Path="Tyuiu.PolyakovaAB.Sprint4.Task0.V8/Tyuiu.PolyakovaAB.Sprint4.Task0.V8.csproj" />
  </Folder>
  <Folder Name="/Task1/">
    <Project Path="Tyuiu.PolyakovaAB.Sprint4.Task1.V1.Lib/Tyuiu.PolyakovaAB.Sprint4.Task1.V1.Lib.csproj" />
    <Project Path="Tyuiu.PolyakovaAB.Sprint4.Task1.V1.Test/Tyuiu.PolyakovaAB.Sprint4.Task1.V1.Test.csproj" />
    <Project Path="Tyuiu.PolyakovaAB.Sprint4.Task1.V1/Tyuiu.PolyakovaAB.Sprint4.Task1.V1.csproj" />
  </Folder>
  <Folder Name="/Task2/">
    <Project Path="Tyuiu.PolyakovaAB.Sprint4.Task2.V23.Lib/Tyuiu.PolyakovaAB.Sprint4.Task2.V23.Lib.csproj" />
    <Project Path="Tyuiu.PolyakovaAB.Sprint4.Task2.V23.Test/Tyuiu.PolyakovaAB.Sprint4.Task2.V23.Test.csproj" />
    <Project Path="Tyuiu.PolyakovaAB.Sprint4.Task2.V23/Tyuiu.PolyakovaAB.Sprint4.Task2.V23.csproj" />
  </Folder>
</Solution>
