<Solution>
  <Folder Name="/Task0/">
    <Project Path="Tyuiu.PolyakovaAB.Sprint4.Task0.V8.Lib/Tyuiu.PolyakovaAB.Sprint4.Task0.V8.Lib.csproj" />
    <Project Path="Tyuiu.PolyakovaAB.Sprint4.Task0.V8.Test/Tyuiu.PolyakovaAB.Sprint4.Task0.V8.Test.csproj" />
    <Project Path="Tyuiu.PolyakovaAB.Sprint4.Task0.V8/Tyuiu.PolyakovaAB.Sprint4.Task0.V8.csproj" />
  </Folder>
</Solution>
