<Solution>
  <Folder Name="/Task0/">
    <Project Path="Tyuiu.PolyakovaAB.Sprint4.Task0.V8.Lib/Tyuiu.PolyakovaAB.Sprint4.Task0.V8.Lib.csproj" />
    <Project Path="Tyuiu.PolyakovaAB.Sprint4.Task0.V8.Test/Tyuiu.PolyakovaAB.Sprint4.Task0.V8.Test.csproj" />
    <Project Path="Tyuiu.PolyakovaAB.Sprint4.Task0.V8/Tyuiu.PolyakovaAB.Sprint4.Task0.V8.csproj" />
  </Folder>
  <Folder Name="/Task1/">
    <Project Path="Tyuiu.PolyakovaAB.Sprint4.Task1.V1.Lib/Tyuiu.PolyakovaAB.Sprint4.Task1.V1.Lib.csproj" />
    <Project Path="Tyuiu.PolyakovaAB.Sprint4.Task1.V1.Test/Tyuiu.PolyakovaAB.Sprint4.Task1.V1.Test.csproj" />
    <Project Path="Tyuiu.PolyakovaAB.Sprint4.Task1.V1/Tyuiu.PolyakovaAB.Sprint4.Task1.V1.csproj" />
  </Folder>
  <Folder Name="/Task2/">
    <Project Path="Tyuiu.PolyakovaAB.Sprint4.Task2.V23.Lib/Tyuiu.PolyakovaAB.Sprint4.Task2.V23.Lib.csproj" />
    <Project Path="Tyuiu.PolyakovaAB.Sprint4.Task2.V23.Test/Tyuiu.PolyakovaAB.Sprint4.Task2.V23.Test.csproj" />
    <Project Path="Tyuiu.PolyakovaAB.Sprint4.Task2.V23/Tyuiu.PolyakovaAB.Sprint4.Task2.V23.csproj" />
  </Folder>
  <Folder Name="/Task3/">
    <Project Path="Tyuiu.PolyakovaAB.Sprint4.Task3.V27.Lib/Tyuiu.PolyakovaAB.Sprint4.Task3.V27.Lib.csproj" Id="fbbd3c19-d375-4236-be67-d4bb00489d9e" />
    <Project Path="Tyuiu.PolyakovaAB.Sprint4.Task3.V27.Test/Tyuiu.PolyakovaAB.Sprint4.Task3.V27.Test.csproj" Id="f795788c-8093-4b10-a75d-4436d3dc1a3e" />
    <Project Path="Tyuiu.PolyakovaAB.Sprint4.Task3.V27/Tyuiu.PolyakovaAB.Sprint4.Task3.V27.csproj" Id="7d6c412b-b201-43f7-8df2-22326d6df44b" />
  </Folder>
  <Folder Name="/Task4/">
    <Project Path="Tyuiu.PolyakovaAB.Sprint4.Task4.V13.Lib/Tyuiu.PolyakovaAB.Sprint4.Task4.V13.Lib.csproj" Id="24c3bc60-a136-4cbe-832b-7d534ebbbedf" />
    <Project Path="Tyuiu.PolyakovaAB.Sprint4.Task4.V13.Test/Tyuiu.PolyakovaAB.Sprint4.Task4.V13.Test.csproj" Id="9d38cd9e-05fd-447d-b7b4-e58c4c34badf" />
    <Project Path="Tyuiu.PolyakovaAB.Sprint4.Task4.V13/Tyuiu.PolyakovaAB.Sprint4.Task4.V13.csproj" Id="7576337f-e0fa-4f5b-80f4-890c0ae09339" />
  </Folder>
  <Folder Name="/Task5/">
    <Project Path="Tyuiu.PolyakovaAB.Sprint4.Task5.V13.Lib/Tyuiu.PolyakovaAB.Sprint4.Task5.V13.Lib.csproj" Id="b039f1d8-c81f-4ac5-a4b5-3fb80064ef86" />
    <Project Path="Tyuiu.PolyakovaAB.Sprint4.Task5.V13.Test/Tyuiu.PolyakovaAB.Sprint4.Task5.V13.Test.csproj" Id="47bfdc89-fc3f-4d08-b48b-7c3aa73b44fb" />
    <Project Path="Tyuiu.PolyakovaAB.Sprint4.Task5.V13/Tyuiu.PolyakovaAB.Sprint4.Task5.V13.csproj" Id="c8361b71-8d0e-48d1-9695-1948c7b9e5af" />
  </Folder>
  <Folder Name="/Task6/">
    <Project Path="Tyuiu.PolyakovaAB.Sprint4.Task6.V6.Lib/Tyuiu.PolyakovaAB.Sprint4.Task6.V6.Lib.csproj" Id="b4e1ed81-7b14-4fe5-9302-4162fc06f884" />
    <Project Path="Tyuiu.PolyakovaAB.Sprint4.Task6.V6.Test/Tyuiu.PolyakovaAB.Sprint4.Task6.V6.Test.csproj" Id="26500aa9-c002-4c71-978f-cb4dcbb8bf02" />
    <Project Path="Tyuiu.PolyakovaAB.Sprint4.Task6.V6/Tyuiu.PolyakovaAB.Sprint4.Task6.V6.csproj" Id="ff536e05-4344-492c-95e2-47d8c07e06f2" />
  </Folder>
</Solution>
